// !$*UTF8*$!
{
	archiveVersion = 1;
	classes = {
	};
	objectVersion = 46;
	objects = {

/* Begin PBXBuildFile section */
		6A032B051BFAD4C60019B302 /* GDIIndexBar.m in Sources */ = {isa = PBXBuildFile; fileRef = 6A032B041BFAD4C60019B302 /* GDIIndexBar.m */; };
		6A1468C51BF60D5900D718F5 /* main.m in Sources */ = {isa = PBXBuildFile; fileRef = 6A1468C41BF60D5900D718F5 /* main.m */; };
		6A1468C81BF60D5900D718F5 /* AppDelegate.m in Sources */ = {isa = PBXBuildFile; fileRef = 6A1468C71BF60D5900D718F5 /* AppDelegate.m */; };
		6A1468CB1BF60D5900D718F5 /* ContactViewController.m in Sources */ = {isa = PBXBuildFile; fileRef = 6A1468CA1BF60D5900D718F5 /* ContactViewController.m */; };
		6A1468CE1BF60D5900D718F5 /* Main.storyboard in Resources */ = {isa = PBXBuildFile; fileRef = 6A1468CC1BF60D5900D718F5 /* Main.storyboard */; };
		6A1468D01BF60D5900D718F5 /* Assets.xcassets in Resources */ = {isa = PBXBuildFile; fileRef = 6A1468CF1BF60D5900D718F5 /* Assets.xcassets */; };
		6A1468D31BF60D5900D718F5 /* LaunchScreen.storyboard in Resources */ = {isa = PBXBuildFile; fileRef = 6A1468D11BF60D5900D718F5 /* LaunchScreen.storyboard */; };
		6A1468DE1BF60D5900D718F5 /* ContactListSorterUITests.m in Sources */ = {isa = PBXBuildFile; fileRef = 6A1468DD1BF60D5900D718F5 /* ContactListSorterUITests.m */; };
		6A1468F41BF8D21200D718F5 /* UITableViewCell+Base.m in Sources */ = {isa = PBXBuildFile; fileRef = 6A1468F31BF8D21200D718F5 /* UITableViewCell+Base.m */; };
		6A1468F71BF8D22D00D718F5 /* ContactHelper.m in Sources */ = {isa = PBXBuildFile; fileRef = 6A1468F61BF8D22D00D718F5 /* ContactHelper.m */; };
		6A1469051BF9A1AC00D718F5 /* NSArray+HTLetter.m in Sources */ = {isa = PBXBuildFile; fileRef = 6A1468FD1BF9A1AC00D718F5 /* NSArray+HTLetter.m */; };
		6A1469061BF9A1AC00D718F5 /* NSString+HTLetter.m in Sources */ = {isa = PBXBuildFile; fileRef = 6A1468FF1BF9A1AC00D718F5 /* NSString+HTLetter.m */; };
		6A1469081BF9A1AC00D718F5 /* Pinyin.m in Sources */ = {isa = PBXBuildFile; fileRef = 6A1469041BF9A1AC00D718F5 /* Pinyin.m */; settings = {COMPILER_FLAGS = "-fno-objc-arc"; }; };
		6AA58FCE1BFB3D840015FA27 /* NSString+Wrapper.m in Sources */ = {isa = PBXBuildFile; fileRef = 6AA58FCD1BFB3D840015FA27 /* NSString+Wrapper.m */; };
/* End PBXBuildFile section */

/* Begin PBXContainerItemProxy section */
		6A1468DA1BF60D5900D718F5 /* PBXContainerItemProxy */ = {
			isa = PBXContainerItemProxy;
			containerPortal = 6A1468B81BF60D5900D718F5 /* Project object */;
			proxyType = 1;
			remoteGlobalIDString = 6A1468BF1BF60D5900D718F5;
			remoteInfo = ContactListSorter;
		};
/* End PBXContainerItemProxy section */

/* Begin PBXFileReference section */
		6A032B031BFAD4C60019B302 /* GDIIndexBar.h */ = {isa = PBXFileReference; fileEncoding = 4; lastKnownFileType = sourcecode.c.h; path = GDIIndexBar.h; sourceTree = "<group>"; };
		6A032B041BFAD4C60019B302 /* GDIIndexBar.m */ = {isa = PBXFileReference; fileEncoding = 4; lastKnownFileType = sourcecode.c.objc; path = GDIIndexBar.m; sourceTree = "<group>"; };
		6A1468C01BF60D5900D718F5 /* ContactListSorter.app */ = {isa = PBXFileReference; explicitFileType = wrapper.application; includeInIndex = 0; path = ContactListSorter.app; sourceTree = BUILT_PRODUCTS_DIR; };
		6A1468C41BF60D5900D718F5 /* main.m */ = {isa = PBXFileReference; lastKnownFileType = sourcecode.c.objc; path = main.m; sourceTree = "<group>"; };
		6A1468C61BF60D5900D718F5 /* AppDelegate.h */ = {isa = PBXFileReference; lastKnownFileType = sourcecode.c.h; path = AppDelegate.h; sourceTree = "<group>"; };
		6A1468C71BF60D5900D718F5 /* AppDelegate.m */ = {isa = PBXFileReference; lastKnownFileType = sourcecode.c.objc; path = AppDelegate.m; sourceTree = "<group>"; };
		6A1468C91BF60D5900D718F5 /* ContactViewController.h */ = {isa = PBXFileReference; lastKnownFileType = sourcecode.c.h; path = ContactViewController.h; sourceTree = "<group>"; };
		6A1468CA1BF60D5900D718F5 /* ContactViewController.m */ = {isa = PBXFileReference; lastKnownFileType = sourcecode.c.objc; path = ContactViewController.m; sourceTree = "<group>"; };
		6A1468CD1BF60D5900D718F5 /* Base */ = {isa = PBXFileReference; lastKnownFileType = file.storyboard; name = Base; path = Base.lproj/Main.storyboard; sourceTree = "<group>"; };
		6A1468CF1BF60D5900D718F5 /* Assets.xcassets */ = {isa = PBXFileReference; lastKnownFileType = folder.assetcatalog; path = Assets.xcassets; sourceTree = "<group>"; };
		6A1468D21BF60D5900D718F5 /* Base */ = {isa = PBXFileReference; lastKnownFileType = file.storyboard; name = Base; path = Base.lproj/LaunchScreen.storyboard; sourceTree = "<group>"; };
		6A1468D41BF60D5900D718F5 /* Info.plist */ = {isa = PBXFileReference; lastKnownFileType = text.plist.xml; path = Info.plist; sourceTree = "<group>"; };
		6A1468D91BF60D5900D718F5 /* ContactListSorterUITests.xctest */ = {isa = PBXFileReference; explicitFileType = wrapper.cfbundle; includeInIndex = 0; path = ContactListSorterUITests.xctest; sourceTree = BUILT_PRODUCTS_DIR; };
		6A1468DD1BF60D5900D718F5 /* ContactListSorterUITests.m */ = {isa = PBXFileReference; lastKnownFileType = sourcecode.c.objc; path = ContactListSorterUITests.m; sourceTree = "<group>"; };
		6A1468DF1BF60D5900D718F5 /* Info.plist */ = {isa = PBXFileReference; lastKnownFileType = text.plist.xml; path = Info.plist; sourceTree = "<group>"; };
		6A1468EC1BF60EA100D718F5 /* README.md */ = {isa = PBXFileReference; fileEncoding = 4; lastKnownFileType = net.daringfireball.markdown; path = README.md; sourceTree = "<group>"; };
		6A1468F21BF8D21200D718F5 /* UITableViewCell+Base.h */ = {isa = PBXFileReference; fileEncoding = 4; lastKnownFileType = sourcecode.c.h; path = "UITableViewCell+Base.h"; sourceTree = "<group>"; };
		6A1468F31BF8D21200D718F5 /* UITableViewCell+Base.m */ = {isa = PBXFileReference; fileEncoding = 4; lastKnownFileType = sourcecode.c.objc; path = "UITableViewCell+Base.m"; sourceTree = "<group>"; };
		6A1468F51BF8D22D00D718F5 /* ContactHelper.h */ = {isa = PBXFileReference; fileEncoding = 4; lastKnownFileType = sourcecode.c.h; path = ContactHelper.h; sourceTree = "<group>"; };
		6A1468F61BF8D22D00D718F5 /* ContactHelper.m */ = {isa = PBXFileReference; fileEncoding = 4; lastKnownFileType = sourcecode.c.objc; path = ContactHelper.m; sourceTree = "<group>"; };
		6A1468FC1BF9A1AC00D718F5 /* NSArray+HTLetter.h */ = {isa = PBXFileReference; fileEncoding = 4; lastKnownFileType = sourcecode.c.h; path = "NSArray+HTLetter.h"; sourceTree = "<group>"; };
		6A1468FD1BF9A1AC00D718F5 /* NSArray+HTLetter.m */ = {isa = PBXFileReference; fileEncoding = 4; lastKnownFileType = sourcecode.c.objc; path = "NSArray+HTLetter.m"; sourceTree = "<group>"; };
		6A1468FE1BF9A1AC00D718F5 /* NSString+HTLetter.h */ = {isa = PBXFileReference; fileEncoding = 4; lastKnownFileType = sourcecode.c.h; path = "NSString+HTLetter.h"; sourceTree = "<group>"; };
		6A1468FF1BF9A1AC00D718F5 /* NSString+HTLetter.m */ = {isa = PBXFileReference; fileEncoding = 4; lastKnownFileType = sourcecode.c.objc; path = "NSString+HTLetter.m"; sourceTree = "<group>"; };
		6A1469001BF9A1AC00D718F5 /* HTLetter.h */ = {isa = PBXFileReference; fileEncoding = 4; lastKnownFileType = sourcecode.c.h; path = HTLetter.h; sourceTree = "<group>"; };
		6A1469031BF9A1AC00D718F5 /* Pinyin.h */ = {isa = PBXFileReference; fileEncoding = 4; lastKnownFileType = sourcecode.c.h; path = Pinyin.h; sourceTree = "<group>"; };
		6A1469041BF9A1AC00D718F5 /* Pinyin.m */ = {isa = PBXFileReference; fileEncoding = 4; lastKnownFileType = sourcecode.c.objc; path = Pinyin.m; sourceTree = "<group>"; };
		6AA58FCC1BFB3D840015FA27 /* NSString+Wrapper.h */ = {isa = PBXFileReference; fileEncoding = 4; lastKnownFileType = sourcecode.c.h; path = "NSString+Wrapper.h"; sourceTree = "<group>"; };
		6AA58FCD1BFB3D840015FA27 /* NSString+Wrapper.m */ = {isa = PBXFileReference; fileEncoding = 4; lastKnownFileType = sourcecode.c.objc; path = "NSString+Wrapper.m"; sourceTree = "<group>"; };
/* End PBXFileReference section */

/* Begin PBXFrameworksBuildPhase section */
		6A1468BD1BF60D5900D718F5 /* Frameworks */ = {
			isa = PBXFrameworksBuildPhase;
			buildActionMask = 2147483647;
			files = (
			);
			runOnlyForDeploymentPostprocessing = 0;
		};
		6A1468D61BF60D5900D718F5 /* Frameworks */ = {
			isa = PBXFrameworksBuildPhase;
			buildActionMask = 2147483647;
			files = (
			);
			runOnlyForDeploymentPostprocessing = 0;
		};
/* End PBXFrameworksBuildPhase section */

/* Begin PBXGroup section */
		6A032B021BFAD4C60019B302 /* GDIndexBar */ = {
			isa = PBXGroup;
			children = (
				6A032B031BFAD4C60019B302 /* GDIIndexBar.h */,
				6A032B041BFAD4C60019B302 /* GDIIndexBar.m */,
			);
			path = GDIndexBar;
			sourceTree = "<group>";
		};
		6A1468B71BF60D5900D718F5 = {
			isa = PBXGroup;
			children = (
				6A032B021BFAD4C60019B302 /* GDIndexBar */,
				6A1468FA1BF9A1AC00D718F5 /* HTLetter */,
				6A1468EC1BF60EA100D718F5 /* README.md */,
				6A1468E81BF60E6F00D718F5 /* Helper */,
				6A1468C21BF60D5900D718F5 /* ContactListSorter */,
				6A1468DC1BF60D5900D718F5 /* ContactListSorterUITests */,
				6A1468C11BF60D5900D718F5 /* Products */,
			);
			sourceTree = "<group>";
		};
		6A1468C11BF60D5900D718F5 /* Products */ = {
			isa = PBXGroup;
			children = (
				6A1468C01BF60D5900D718F5 /* ContactListSorter.app */,
				6A1468D91BF60D5900D718F5 /* ContactListSorterUITests.xctest */,
			);
			name = Products;
			sourceTree = "<group>";
		};
		6A1468C21BF60D5900D718F5 /* ContactListSorter */ = {
			isa = PBXGroup;
			children = (
				6A1468C61BF60D5900D718F5 /* AppDelegate.h */,
				6A1468C71BF60D5900D718F5 /* AppDelegate.m */,
				6A1468C91BF60D5900D718F5 /* ContactViewController.h */,
				6A1468CA1BF60D5900D718F5 /* ContactViewController.m */,
				6A1468CC1BF60D5900D718F5 /* Main.storyboard */,
				6A1468CF1BF60D5900D718F5 /* Assets.xcassets */,
				6A1468D11BF60D5900D718F5 /* LaunchScreen.storyboard */,
				6A1468D41BF60D5900D718F5 /* Info.plist */,
				6A1468C31BF60D5900D718F5 /* Supporting Files */,
			);
			path = ContactListSorter;
			sourceTree = "<group>";
		};
		6A1468C31BF60D5900D718F5 /* Supporting Files */ = {
			isa = PBXGroup;
			children = (
				6A1468C41BF60D5900D718F5 /* main.m */,
			);
			name = "Supporting Files";
			sourceTree = "<group>";
		};
		6A1468DC1BF60D5900D718F5 /* ContactListSorterUITests */ = {
			isa = PBXGroup;
			children = (
				6A1468DD1BF60D5900D718F5 /* ContactListSorterUITests.m */,
				6A1468DF1BF60D5900D718F5 /* Info.plist */,
			);
			path = ContactListSorterUITests;
			sourceTree = "<group>";
		};
		6A1468E81BF60E6F00D718F5 /* Helper */ = {
			isa = PBXGroup;
			children = (
				6A1468F11BF8D21200D718F5 /* extension */,
				6A1468F51BF8D22D00D718F5 /* ContactHelper.h */,
				6A1468F61BF8D22D00D718F5 /* ContactHelper.m */,
			);
			path = Helper;
			sourceTree = "<group>";
		};
		6A1468F11BF8D21200D718F5 /* extension */ = {
			isa = PBXGroup;
			children = (
				6AA58FCC1BFB3D840015FA27 /* NSString+Wrapper.h */,
				6AA58FCD1BFB3D840015FA27 /* NSString+Wrapper.m */,
				6A1468F21BF8D21200D718F5 /* UITableViewCell+Base.h */,
				6A1468F31BF8D21200D718F5 /* UITableViewCell+Base.m */,
			);
			path = extension;
			sourceTree = "<group>";
		};
		6A1468FA1BF9A1AC00D718F5 /* HTLetter */ = {
			isa = PBXGroup;
			children = (
				6A1468FB1BF9A1AC00D718F5 /* extension */,
				6A1469001BF9A1AC00D718F5 /* HTLetter.h */,
				6A1469031BF9A1AC00D718F5 /* Pinyin.h */,
				6A1469041BF9A1AC00D718F5 /* Pinyin.m */,
			);
			path = HTLetter;
			sourceTree = "<group>";
		};
		6A1468FB1BF9A1AC00D718F5 /* extension */ = {
			isa = PBXGroup;
			children = (
				6A1468FC1BF9A1AC00D718F5 /* NSArray+HTLetter.h */,
				6A1468FD1BF9A1AC00D718F5 /* NSArray+HTLetter.m */,
				6A1468FE1BF9A1AC00D718F5 /* NSString+HTLetter.h */,
				6A1468FF1BF9A1AC00D718F5 /* NSString+HTLetter.m */,
			);
			path = extension;
			sourceTree = "<group>";
		};
/* End PBXGroup section */

/* Begin PBXNativeTarget section */
		6A1468BF1BF60D5900D718F5 /* ContactListSorter */ = {
			isa = PBXNativeTarget;
			buildConfigurationList = 6A1468E21BF60D5900D718F5 /* Build configuration list for PBXNativeTarget "ContactListSorter" */;
			buildPhases = (
				6A1468BC1BF60D5900D718F5 /* Sources */,
				6A1468BD1BF60D5900D718F5 /* Frameworks */,
				6A1468BE1BF60D5900D718F5 /* Resources */,
			);
			buildRules = (
			);
			dependencies = (
			);
			name = ContactListSorter;
			productName = ContactListSorter;
			productReference = 6A1468C01BF60D5900D718F5 /* ContactListSorter.app */;
			productType = "com.apple.product-type.application";
		};
		6A1468D81BF60D5900D718F5 /* ContactListSorterUITests */ = {
			isa = PBXNativeTarget;
			buildConfigurationList = 6A1468E51BF60D5900D718F5 /* Build configuration list for PBXNativeTarget "ContactListSorterUITests" */;
			buildPhases = (
				6A1468D51BF60D5900D718F5 /* Sources */,
				6A1468D61BF60D5900D718F5 /* Frameworks */,
				6A1468D71BF60D5900D718F5 /* Resources */,
			);
			buildRules = (
			);
			dependencies = (
				6A1468DB1BF60D5900D718F5 /* PBXTargetDependency */,
			);
			name = ContactListSorterUITests;
			productName = ContactListSorterUITests;
			productReference = 6A1468D91BF60D5900D718F5 /* ContactListSorterUITests.xctest */;
			productType = "com.apple.product-type.bundle.ui-testing";
		};
/* End PBXNativeTarget section */

/* Begin PBXProject section */
		6A1468B81BF60D5900D718F5 /* Project object */ = {
			isa = PBXProject;
			attributes = {
				LastUpgradeCheck = 0710;
				ORGANIZATIONNAME = fallen.ink;
				TargetAttributes = {
					6A1468BF1BF60D5900D718F5 = {
						CreatedOnToolsVersion = 7.1;
					};
					6A1468D81BF60D5900D718F5 = {
						CreatedOnToolsVersion = 7.1;
						TestTargetID = 6A1468BF1BF60D5900D718F5;
					};
				};
			};
			buildConfigurationList = 6A1468BB1BF60D5900D718F5 /* Build configuration list for PBXProject "ContactListSorter" */;
			compatibilityVersion = "Xcode 3.2";
			developmentRegion = English;
			hasScannedForEncodings = 0;
			knownRegions = (
				en,
				Base,
			);
			mainGroup = 6A1468B71BF60D5900D718F5;
			productRefGroup = 6A1468C11BF60D5900D718F5 /* Products */;
			projectDirPath = "";
			projectRoot = "";
			targets = (
				6A1468BF1BF60D5900D718F5 /* ContactListSorter */,
				6A1468D81BF60D5900D718F5 /* ContactListSorterUITests */,
			);
		};
/* End PBXProject section */

/* Begin PBXResourcesBuildPhase section */
		6A1468BE1BF60D5900D718F5 /* Resources */ = {
			isa = PBXResourcesBuildPhase;
			buildActionMask = 2147483647;
			files = (
				6A1468D31BF60D5900D718F5 /* LaunchScreen.storyboard in Resources */,
				6A1468D01BF60D5900D718F5 /* Assets.xcassets in Resources */,
				6A1468CE1BF60D5900D718F5 /* Main.storyboard in Resources */,
			);
			runOnlyForDeploymentPostprocessing = 0;
		};
		6A1468D71BF60D5900D718F5 /* Resources */ = {
			isa = PBXResourcesBuildPhase;
			buildActionMask = 2147483647;
			files = (
			);
			runOnlyForDeploymentPostprocessing = 0;
		};
/* End PBXResourcesBuildPhase section */

/* Begin PBXSourcesBuildPhase section */
		6A1468BC1BF60D5900D718F5 /* Sources */ = {
			isa = PBXSourcesBuildPhase;
			buildActionMask = 2147483647;
			files = (
				6A1469061BF9A1AC00D718F5 /* NSString+HTLetter.m in Sources */,
				6AA58FCE1BFB3D840015FA27 /* NSString+Wrapper.m in Sources */,
				6A1469051BF9A1AC00D718F5 /* NSArray+HTLetter.m in Sources */,
				6A1469081BF9A1AC00D718F5 /* Pinyin.m in Sources */,
				6A1468F71BF8D22D00D718F5 /* ContactHelper.m in Sources */,
				6A1468F41BF8D21200D718F5 /* UITableViewCell+Base.m in Sources */,
				6A1468CB1BF60D5900D718F5 /* ContactViewController.m in Sources */,
				6A1468C81BF60D5900D718F5 /* AppDelegate.m in Sources */,
				6A1468C51BF60D5900D718F5 /* main.m in Sources */,
				6A032B051BFAD4C60019B302 /* GDIIndexBar.m in Sources */,
			);
			runOnlyForDeploymentPostprocessing = 0;
		};
		6A1468D51BF60D5900D718F5 /* Sources */ = {
			isa = PBXSourcesBuildPhase;
			buildActionMask = 2147483647;
			files = (
				6A1468DE1BF60D5900D718F5 /* ContactListSorterUITests.m in Sources */,
			);
			runOnlyForDeploymentPostprocessing = 0;
		};
/* End PBXSourcesBuildPhase section */

/* Begin PBXTargetDependency section */
		6A1468DB1BF60D5900D718F5 /* PBXTargetDependency */ = {
			isa = PBXTargetDependency;
			target = 6A1468BF1BF60D5900D718F5 /* ContactListSorter */;
			targetProxy = 6A1468DA1BF60D5900D718F5 /* PBXContainerItemProxy */;
		};
/* End PBXTargetDependency section */

/* Begin PBXVariantGroup section */
		6A1468CC1BF60D5900D718F5 /* Main.storyboard */ = {
			isa = PBXVariantGroup;
			children = (
				6A1468CD1BF60D5900D718F5 /* Base */,
			);
			name = Main.storyboard;
			sourceTree = "<group>";
		};
		6A1468D11BF60D5900D718F5 /* LaunchScreen.storyboard */ = {
			isa = PBXVariantGroup;
			children = (
				6A1468D21BF60D5900D718F5 /* Base */,
			);
			name = LaunchScreen.storyboard;
			sourceTree = "<group>";
		};
/* End PBXVariantGroup section */

/* Begin XCBuildConfiguration section */
		6A1468E01BF60D5900D718F5 /* Debug */ = {
			isa = XCBuildConfiguration;
			buildSettings = {
				ALWAYS_SEARCH_USER_PATHS = NO;
				CLANG_CXX_LANGUAGE_STANDARD = "gnu++0x";
				CLANG_CXX_LIBRARY = "libc++";
				CLANG_ENABLE_MODULES = YES;
				CLANG_ENABLE_OBJC_ARC = YES;
				CLANG_WARN_BOOL_CONVERSION = YES;
				CLANG_WARN_CONSTANT_CONVERSION = YES;
				CLANG_WARN_DIRECT_OBJC_ISA_USAGE = YES_ERROR;
				CLANG_WARN_EMPTY_BODY = YES;
				CLANG_WARN_ENUM_CONVERSION = YES;
				CLANG_WARN_INT_CONVERSION = YES;
				CLANG_WARN_OBJC_ROOT_CLASS = YES_ERROR;
				CLANG_WARN_UNREACHABLE_CODE = YES;
				CLANG_WARN__DUPLICATE_METHOD_MATCH = YES;
				"CODE_SIGN_IDENTITY[sdk=iphoneos*]" = "iPhone Developer";
				COPY_PHASE_STRIP = NO;
				DEBUG_INFORMATION_FORMAT = dwarf;
				ENABLE_STRICT_OBJC_MSGSEND = YES;
				ENABLE_TESTABILITY = YES;
				GCC_C_LANGUAGE_STANDARD = gnu99;
				GCC_DYNAMIC_NO_PIC = NO;
				GCC_NO_COMMON_BLOCKS = YES;
				GCC_OPTIMIZATION_LEVEL = 0;
				GCC_PREPROCESSOR_DEFINITIONS = (
					"DEBUG=1",
					"$(inherited)",
				);
				GCC_WARN_64_TO_32_BIT_CONVERSION = YES;
				GCC_WARN_ABOUT_RETURN_TYPE = YES_ERROR;
				GCC_WARN_UNDECLARED_SELECTOR = YES;
				GCC_WARN_UNINITIALIZED_AUTOS = YES_AGGRESSIVE;
				GCC_WARN_UNUSED_FUNCTION = YES;
				GCC_WARN_UNUSED_VARIABLE = YES;
				IPHONEOS_DEPLOYMENT_TARGET = 9.1;
				MTL_ENABLE_DEBUG_INFO = YES;
				ONLY_ACTIVE_ARCH = YES;
				SDKROOT = iphoneos;
				TARGETED_DEVICE_FAMILY = "1,2";
			};
			name = Debug;
		};
		6A1468E11BF60D5900D718F5 /* Release */ = {
			isa = XCBuildConfiguration;
			buildSettings = {
				ALWAYS_SEARCH_USER_PATHS = NO;
				CLANG_CXX_LANGUAGE_STANDARD = "gnu++0x";
				CLANG_CXX_LIBRARY = "libc++";
				CLANG_ENABLE_MODULES = YES;
				CLANG_ENABLE_OBJC_ARC = YES;
				CLANG_WARN_BOOL_CONVERSION = YES;
				CLANG_WARN_CONSTANT_CONVERSION = YES;
				CLANG_WARN_DIRECT_OBJC_ISA_USAGE = YES_ERROR;
				CLANG_WARN_EMPTY_BODY = YES;
				CLANG_WARN_ENUM_CONVERSION = YES;
				CLANG_WARN_INT_CONVERSION = YES;
				CLANG_WARN_OBJC_ROOT_CLASS = YES_ERROR;
				CLANG_WARN_UNREACHABLE_CODE = YES;
				CLANG_WARN__DUPLICATE_METHOD_MATCH = YES;
				"CODE_SIGN_IDENTITY[sdk=iphoneos*]" = "iPhone Developer";
				COPY_PHASE_STRIP = NO;
				DEBUG_INFORMATION_FORMAT = "dwarf-with-dsym";
				ENABLE_NS_ASSERTIONS = NO;
				ENABLE_STRICT_OBJC_MSGSEND = YES;
				GCC_C_LANGUAGE_STANDARD = gnu99;
				GCC_NO_COMMON_BLOCKS = YES;
				GCC_WARN_64_TO_32_BIT_CONVERSION = YES;
				GCC_WARN_ABOUT_RETURN_TYPE = YES_ERROR;
				GCC_WARN_UNDECLARED_SELECTOR = YES;
				GCC_WARN_UNINITIALIZED_AUTOS = YES_AGGRESSIVE;
				GCC_WARN_UNUSED_FUNCTION = YES;
				GCC_WARN_UNUSED_VARIABLE = YES;
				IPHONEOS_DEPLOYMENT_TARGET = 9.1;
				MTL_ENABLE_DEBUG_INFO = NO;
				SDKROOT = iphoneos;
				TARGETED_DEVICE_FAMILY = "1,2";
				VALIDATE_PRODUCT = YES;
			};
			name = Release;
		};
		6A1468E31BF60D5900D718F5 /* Debug */ = {
			isa = XCBuildConfiguration;
			buildSettings = {
				ASSETCATALOG_COMPILER_APPICON_NAME = AppIcon;
				INFOPLIST_FILE = ContactListSorter/Info.plist;
				LD_RUNPATH_SEARCH_PATHS = "$(inherited) @executable_path/Frameworks";
				PRODUCT_BUNDLE_IDENTIFIER = com.fallen.ink.ContactListSorter;
				PRODUCT_NAME = "$(TARGET_NAME)";
			};
			name = Debug;
		};
		6A1468E41BF60D5900D718F5 /* Release */ = {
			isa = XCBuildConfiguration;
			buildSettings = {
				ASSETCATALOG_COMPILER_APPICON_NAME = AppIcon;
				INFOPLIST_FILE = ContactListSorter/Info.plist;
				LD_RUNPATH_SEARCH_PATHS = "$(inherited) @executable_path/Frameworks";
				PRODUCT_BUNDLE_IDENTIFIER = com.fallen.ink.ContactListSorter;
				PRODUCT_NAME = "$(TARGET_NAME)";
			};
			name = Release;
		};
		6A1468E61BF60D5900D718F5 /* Debug */ = {
			isa = XCBuildConfiguration;
			buildSettings = {
				INFOPLIST_FILE = ContactListSorterUITests/Info.plist;
				LD_RUNPATH_SEARCH_PATHS = "$(inherited) @executable_path/Frameworks @loader_path/Frameworks";
				PRODUCT_BUNDLE_IDENTIFIER = com.fallen.ink.ContactListSorterUITests;
				PRODUCT_NAME = "$(TARGET_NAME)";
				TEST_TARGET_NAME = ContactListSorter;
				USES_XCTRUNNER = YES;
			};
			name = Debug;
		};
		6A1468E71BF60D5900D718F5 /* Release */ = {
			isa = XCBuildConfiguration;
			buildSettings = {
				INFOPLIST_FILE = ContactListSorterUITests/Info.plist;
				LD_RUNPATH_SEARCH_PATHS = "$(inherited) @executable_path/Frameworks @loader_path/Frameworks";
				PRODUCT_BUNDLE_IDENTIFIER = com.fallen.ink.ContactListSorterUITests;
				PRODUCT_NAME = "$(TARGET_NAME)";
				TEST_TARGET_NAME = ContactListSorter;
				USES_XCTRUNNER = YES;
			};
			name = Release;
		};
/* End XCBuildConfiguration section */

/* Begin XCConfigurationList section */
		6A1468BB1BF60D5900D718F5 /* Build configuration list for PBXProject "ContactListSorter" */ = {
			isa = XCConfigurationList;
			buildConfigurations = (
				6A1468E01BF60D5900D718F5 /* Debug */,
				6A1468E11BF60D5900D718F5 /* Release */,
			);
			defaultConfigurationIsVisible = 0;
			defaultConfigurationName = Release;
		};
		6A1468E21BF60D5900D718F5 /* Build configuration list for PBXNativeTarget "ContactListSorter" */ = {
			isa = XCConfigurationList;
			buildConfigurations = (
				6A1468E31BF60D5900D718F5 /* Debug */,
				6A1468E41BF60D5900D718F5 /* Release */,
			);
			defaultConfigurationIsVisible = 0;
			defaultConfigurationName = Release;
		};
		6A1468E51BF60D5900D718F5 /* Build configuration list for PBXNativeTarget "ContactListSorterUITests" */ = {
			isa = XCConfigurationList;
			buildConfigurations = (
				6A1468E61BF60D5900D718F5 /* Debug */,
				6A1468E71BF60D5900D718F5 /* Release */,
			);
			defaultConfigurationIsVisible = 0;
			defaultConfigurationName = Release;
		};
/* End XCConfigurationList section */
	};
	rootObject = 6A1468B81BF60D5900D718F5 /* Project object */;
}
